
Microsoft Visual Studio Solution File, Format Version 12.00
# Visual Studio Version 17
VisualStudioVersion = 17.4.33205.214
MinimumVisualStudioVersion = 10.0.40219.1
Project("{888888A0-9F3D-457C-B088-3A5042F75D52}") = "töö vigadega", "töö vigadega\töö vigadega.pyproj", "{6A017C31-0D7D-4E8C-825D-1D611CF33947}"
EndProject
Global
	GlobalSection(SolutionConfigurationPlatforms) = preSolution
		Debug|Any CPU = Debug|Any CPU
		Release|Any CPU = Release|Any CPU
	EndGlobalSection
	GlobalSection(ProjectConfigurationPlatforms) = postSolution
		{6A017C31-0D7D-4E8C-825D-1D611CF33947}.Debug|Any CPU.ActiveCfg = Debug|Any CPU
		{6A017C31-0D7D-4E8C-825D-1D611CF33947}.Release|Any CPU.ActiveCfg = Release|Any CPU
	EndGlobalSection
	GlobalSection(SolutionProperties) = preSolution
		HideSolutionNode = FALSE
	EndGlobalSection
	GlobalSection(ExtensibilityGlobals) = postSolution
		SolutionGuid = {4C067BD4-1AAE-4807-8D45-6D33D66F3183}
	EndGlobalSection
EndGlobal
